
Microsoft Visual Studio Solution File, Format Version 12.00
# Visual Studio Version 16
VisualStudioVersion = 16.0.30717.126
MinimumVisualStudioVersion = 10.0.40219.1
Project("{9A19103F-16F7-4668-BE54-9A1E7A4F7556}") = "MagisterShop", "MagisterShop\MagisterShop.csproj", "{FD13A82F-9E1F-44F0-B551-227E3C81114B}"
EndProject
Project("{9A19103F-16F7-4668-BE54-9A1E7A4F7556}") = "MagisterShop.Domain", "MagisterShop.Domain\MagisterShop.Domain.csproj", "{53AB9889-C7E1-486D-9E37-FEA61CE92FAE}"
EndProject
Project("{9A19103F-16F7-4668-BE54-9A1E7A4F7556}") = "MagisterShop.Infrastructure", "MagisterShop.Infraastructure\MagisterShop.Infrastructure.csproj", "{3D115849-55B0-4072-ADC7-43A30CD4CFA6}"
EndProject
Global
	GlobalSection(SolutionConfigurationPlatforms) = preSolution
		Debug|Any CPU = Debug|Any CPU
		Release|Any CPU = Release|Any CPU
	EndGlobalSection
	GlobalSection(ProjectConfigurationPlatforms) = postSolution
		{FD13A82F-9E1F-44F0-B551-227E3C81114B}.Debug|Any CPU.ActiveCfg = Debug|Any CPU
		{FD13A82F-9E1F-44F0-B551-227E3C81114B}.Debug|Any CPU.Build.0 = Debug|Any CPU
		{FD13A82F-9E1F-44F0-B551-227E3C81114B}.Release|Any CPU.ActiveCfg = Release|Any CPU
		{FD13A82F-9E1F-44F0-B551-227E3C81114B}.Release|Any CPU.Build.0 = Release|Any CPU
		{53AB9889-C7E1-486D-9E37-FEA61CE92FAE}.Debug|Any CPU.ActiveCfg = Debug|Any CPU
		{53AB9889-C7E1-486D-9E37-FEA61CE92FAE}.Debug|Any CPU.Build.0 = Debug|Any CPU
		{53AB9889-C7E1-486D-9E37-FEA61CE92FAE}.Release|Any CPU.ActiveCfg = Release|Any CPU
		{53AB9889-C7E1-486D-9E37-FEA61CE92FAE}.Release|Any CPU.Build.0 = Release|Any CPU
		{3D115849-55B0-4072-ADC7-43A30CD4CFA6}.Debug|Any CPU.ActiveCfg = Debug|Any CPU
		{3D115849-55B0-4072-ADC7-43A30CD4CFA6}.Debug|Any CPU.Build.0 = Debug|Any CPU
		{3D115849-55B0-4072-ADC7-43A30CD4CFA6}.Release|Any CPU.ActiveCfg = Release|Any CPU
		{3D115849-55B0-4072-ADC7-43A30CD4CFA6}.Release|Any CPU.Build.0 = Release|Any CPU
	EndGlobalSection
	GlobalSection(SolutionProperties) = preSolution
		HideSolutionNode = FALSE
	EndGlobalSection
	GlobalSection(ExtensibilityGlobals) = postSolution
		SolutionGuid = {6FB9E8D7-B792-47B7-81C1-40E43DFD11AA}
	EndGlobalSection
EndGlobal
